
Microsoft Visual Studio Solution File, Format Version 12.00
# Visual Studio Version 17
VisualStudioVersion = 17.0.31410.414
MinimumVisualStudioVersion = 10.0.40219.1
Project("{8BC9CEB8-8B4A-11D0-8D11-00A0C91BC942}") = "TradeLogger", "TradeLogger.vcxproj", "{112A2B9C-0536-4B95-8FBC-C01A13618533}"
EndProject
Global
	GlobalSection(SolutionConfigurationPlatforms) = preSolution
		Debug|x64 = Debug|x64
		Debug|x86 = Debug|x86
		Release|x64 = Release|x64
		Release|x86 = Release|x86
	EndGlobalSection
	GlobalSection(ProjectConfigurationPlatforms) = postSolution
		{112A2B9C-0536-4B95-8FBC-C01A13618533}.Debug|x64.ActiveCfg = Debug|x64
		{112A2B9C-0536-4B95-8FBC-C01A13618533}.Debug|x64.Build.0 = Debug|x64
		{112A2B9C-0536-4B95-8FBC-C01A13618533}.Debug|x86.ActiveCfg = Debug|Win32
		{112A2B9C-0536-4B95-8FBC-C01A13618533}.Debug|x86.Build.0 = Debug|Win32
		{112A2B9C-0536-4B95-8FBC-C01A13618533}.Release|x64.ActiveCfg = Release|x64
		{112A2B9C-0536-4B95-8FBC-C01A13618533}.Release|x64.Build.0 = Release|x64
		{112A2B9C-0536-4B95-8FBC-C01A13618533}.Release|x86.ActiveCfg = Release|Win32
		{112A2B9C-0536-4B95-8FBC-C01A13618533}.Release|x86.Build.0 = Release|Win32
	EndGlobalSection
	GlobalSection(SolutionProperties) = preSolution
		HideSolutionNode = FALSE
	EndGlobalSection
	GlobalSection(ExtensibilityGlobals) = postSolution
		SolutionGuid = {97269A16-0029-4DD6-B59A-7A3FF3AD089C}
	EndGlobalSection
EndGlobal
