<?xml version="1.0" encoding="utf-8"?>
<Project ToolsVersion="4.0" xmlns="http://schemas.microsoft.com/developer/msbuild/2003">
  <ItemGroup>
    <Filter Include="Plugin">
      <UniqueIdentifier>{4FC737F1-C7A5-4376-A066-2A32D752A2FF}</UniqueIdentifier>
      <Extensions>cpp;c;cc;cxx;c++;cppm;ixx;def;odl;idl;hpj;bat;asm;asmx</Extensions>
    </Filter>
    <Filter Include="Wrappers">
      <UniqueIdentifier>{5902427e-a66f-4cae-a0bb-4b52fa6c45de}</UniqueIdentifier>
    </Filter>
  </ItemGroup>
  <ItemGroup>
    <ClCompile Include="TradeLogger.cpp">
      <Filter>Plugin</Filter>
    </ClCompile>
    <ClCompile Include="Wrappers\GuidWrapper.cpp">
      <Filter>Wrappers</Filter>
    </ClCompile>
  </ItemGroup>
  <ItemGroup>
    <ClInclude Include="TradeLogger.hpp">
      <Filter>Plugin</Filter>
    </ClInclude>
    <ClInclude Include="Wrappers\GuidWrapper.hpp">
      <Filter>Wrappers</Filter>
    </ClInclude>
  </ItemGroup>
</Project>